
Microsoft Visual Studio Solution File, Format Version 12.00
# Visual Studio Version 17
VisualStudioVersion = 17.14.36518.9 d17.14
MinimumVisualStudioVersion = 10.0.40219.1
Project("{FAE04EC0-301F-11D3-BF4B-00C04F79EFBC}") = "LAB_7", "LAB_7\LAB_7.csproj", "{B3452365-28FD-4966-99CD-3CA8CA98695B}"
EndProject
Global
	GlobalSection(SolutionConfigurationPlatforms) = preSolution
		Debug|Any CPU = Debug|Any CPU
		Release|Any CPU = Release|Any CPU
	EndGlobalSection
	GlobalSection(ProjectConfigurationPlatforms) = postSolution
		{B3452365-28FD-4966-99CD-3CA8CA98695B}.Debug|Any CPU.ActiveCfg = Debug|Any CPU
		{B3452365-28FD-4966-99CD-3CA8CA98695B}.Debug|Any CPU.Build.0 = Debug|Any CPU
		{B3452365-28FD-4966-99CD-3CA8CA98695B}.Release|Any CPU.ActiveCfg = Release|Any CPU
		{B3452365-28FD-4966-99CD-3CA8CA98695B}.Release|Any CPU.Build.0 = Release|Any CPU
	EndGlobalSection
	GlobalSection(SolutionProperties) = preSolution
		HideSolutionNode = FALSE
	EndGlobalSection
	GlobalSection(ExtensibilityGlobals) = postSolution
		SolutionGuid = {4CFBB8AF-3618-4D7D-B394-241CA42C5D57}
	EndGlobalSection
EndGlobal
